<?xml version="1.0" encoding="utf-8"?>
<Project ToolsVersion="4.0" xmlns="http://schemas.microsoft.com/developer/msbuild/2003">
  <ItemGroup>
    <Filter Include="Source Files">
      <UniqueIdentifier>{4FC737F1-C7A5-4376-A066-2A32D752A2FF}</UniqueIdentifier>
      <Extensions>cpp;c;cc;cxx;def;odl;idl;hpj;bat;asm;asmx</Extensions>
    </Filter>
    <Filter Include="Header Files">
      <UniqueIdentifier>{93995380-89BD-4b04-88EB-625FBE52EBFB}</UniqueIdentifier>
      <Extensions>h;hh;hpp;hxx;hm;inl;inc;xsd</Extensions>
    </Filter>
    <Filter Include="Resource Files">
      <UniqueIdentifier>{67DA6AB6-F800-4c08-8B7A-83BB121AAD01}</UniqueIdentifier>
      <Extensions>rc;ico;cur;bmp;dlg;rc2;rct;bin;rgs;gif;jpg;jpeg;jpe;resx;tiff;tif;png;wav;mfcribbon-ms</Extensions>
    </Filter>
  </ItemGroup>
  <ItemGroup>
    <Text Include="ReadMe.txt" />
  </ItemGroup>
  <ItemGroup>
    <ClInclude Include="stdafx.h">
      <Filter>Header Files</Filter>
    </ClInclude>
    <ClInclude Include="targetver.h">
      <Filter>Header Files</Filter>
    </ClInclude>
    <ClInclude Include="defininitions.h">
      <Filter>Header Files</Filter>
    </ClInclude>
    <ClInclude Include="CNetLayer.h">
      <Filter>Header Files</Filter>
    </ClInclude>
    <ClInclude Include="FullyConnectedLayer.h">
      <Filter>Header Files</Filter>
    </ClInclude>
    <ClInclude Include="CNet.h">
      <Filter>Header Files</Filter>
    </ClInclude>
    <ClInclude Include="ConvolutionalLayer.h">
      <Filter>Header Files</Filter>
    </ClInclude>
    <ClInclude Include="MaxPoolLayer.h">
      <Filter>Header Files</Filter>
    </ClInclude>
    <ClInclude Include="AntiConvolutionalLayer.h">
      <Filter>Header Files</Filter>
    </ClInclude>
    <ClInclude Include="PassOnLayer.h">
      <Filter>Header Files</Filter>
    </ClInclude>
    <ClInclude Include="PhysicalLayer.h">
      <Filter>Header Files</Filter>
    </ClInclude>
    <ClInclude Include="DiscarnateLayer.h">
      <Filter>Header Files</Filter>
    </ClInclude>
    <ClInclude Include="BatchNormalizer.h">
      <Filter>Header Files</Filter>
    </ClInclude>
  </ItemGroup>
  <ItemGroup>
    <ClCompile Include="stdafx.cpp">
      <Filter>Source Files</Filter>
    </ClCompile>
    <ClCompile Include="dllmain.cpp">
      <Filter>Source Files</Filter>
    </ClCompile>
    <ClCompile Include="FullyConnectedLayer.cpp">
      <Filter>Source Files</Filter>
    </ClCompile>
    <ClCompile Include="CNetLayer.cpp">
      <Filter>Source Files</Filter>
    </ClCompile>
    <ClCompile Include="ConvolutionalLayer.cpp">
      <Filter>Source Files</Filter>
    </ClCompile>
    <ClCompile Include="definitions.cpp">
      <Filter>Source Files</Filter>
    </ClCompile>
    <ClCompile Include="CNet.cpp">
      <Filter>Source Files</Filter>
    </ClCompile>
    <ClCompile Include="MaxPoolLayer.cpp">
      <Filter>Source Files</Filter>
    </ClCompile>
    <ClCompile Include="AntiConvolutionalLayer.cpp">
      <Filter>Source Files</Filter>
    </ClCompile>
    <ClCompile Include="PassOnLayer.cpp">
      <Filter>Source Files</Filter>
    </ClCompile>
    <ClCompile Include="PhysicalLayer.cpp">
      <Filter>Source Files</Filter>
    </ClCompile>
    <ClCompile Include="DiscarnateLayer.cpp">
      <Filter>Source Files</Filter>
    </ClCompile>
    <ClCompile Include="BatchNormalizer.cpp">
      <Filter>Source Files</Filter>
    </ClCompile>
  </ItemGroup>
</Project>